
Microsoft Visual Studio Solution File, Format Version 12.00
# Visual Studio 2013
VisualStudioVersion = 12.0.31101.0
MinimumVisualStudioVersion = 10.0.40219.1
Project("{FAE04EC0-301F-11D3-BF4B-00C04F79EFBC}") = "Cyotek.Spriter.QuickPack", "src\Cyotek.Spriter.QuickPack.csproj", "{BA531CD4-9A0F-4FF0-BFCB-06F1B3B14D34}"
EndProject
Project("{2150E333-8FDC-42A3-9474-1A3956D46DE8}") = "Solution Files", "Solution Files", "{64B4A83C-0821-460E-982F-41E1870CAA63}"
	ProjectSection(SolutionItems) = preProject
		CHANGELOG.md = CHANGELOG.md
		LICENSE.md = LICENSE.md
		README.md = README.md
	EndProjectSection
EndProject
Global
	GlobalSection(SolutionConfigurationPlatforms) = preSolution
		Debug|Any CPU = Debug|Any CPU
		Release|Any CPU = Release|Any CPU
	EndGlobalSection
	GlobalSection(ProjectConfigurationPlatforms) = postSolution
		{BA531CD4-9A0F-4FF0-BFCB-06F1B3B14D34}.Debug|Any CPU.ActiveCfg = Debug|Any CPU
		{BA531CD4-9A0F-4FF0-BFCB-06F1B3B14D34}.Debug|Any CPU.Build.0 = Debug|Any CPU
		{BA531CD4-9A0F-4FF0-BFCB-06F1B3B14D34}.Release|Any CPU.ActiveCfg = Release|Any CPU
		{BA531CD4-9A0F-4FF0-BFCB-06F1B3B14D34}.Release|Any CPU.Build.0 = Release|Any CPU
	EndGlobalSection
	GlobalSection(SolutionProperties) = preSolution
		HideSolutionNode = FALSE
	EndGlobalSection
EndGlobal
